// !$*UTF8*$!
{
	archiveVersion = 1;
	classes = {
	};
	objectVersion = 50;
	objects = {

/* Begin PBXBuildFile section */
		D98EE14DE73C728D5D7E4BBA /* Pods_ListingsAppTests.framework in Frameworks */ = {isa = PBXBuildFile; fileRef = 029F0C3C1B0BF81450993201 /* Pods_ListingsAppTests.framework */; };
		D996EC7268AEFD96C08EA5F8 /* Pods_ListingsApp.framework in Frameworks */ = {isa = PBXBuildFile; fileRef = 5DB59E6DF94EB39F41E6BD67 /* Pods_ListingsApp.framework */; };
		F58BAF8522F6DA32006E97DD /* AppDelegate.swift in Sources */ = {isa = PBXBuildFile; fileRef = F58BAF8422F6DA32006E97DD /* AppDelegate.swift */; };
		F58BAF8D22F6DA32006E97DD /* ListingsApp.xcdatamodeld in Sources */ = {isa = PBXBuildFile; fileRef = F58BAF8B22F6DA32006E97DD /* ListingsApp.xcdatamodeld */; };
		F58BAF9222F6DA32006E97DD /* LaunchScreen.storyboard in Resources */ = {isa = PBXBuildFile; fileRef = F58BAF9022F6DA32006E97DD /* LaunchScreen.storyboard */; };
		F58BAF9D22F6DA33006E97DD /* ListingsAppTests.swift in Sources */ = {isa = PBXBuildFile; fileRef = F58BAF9C22F6DA33006E97DD /* ListingsAppTests.swift */; };
		F591DAD822F8286D00FC215E /* AppCoordinator.swift in Sources */ = {isa = PBXBuildFile; fileRef = F591DAD722F8286D00FC215E /* AppCoordinator.swift */; };
		F591DADC22F82A0200FC215E /* ListingsViewController.swift in Sources */ = {isa = PBXBuildFile; fileRef = F591DADA22F82A0200FC215E /* ListingsViewController.swift */; };
		F591DADD22F82A0200FC215E /* ListingsViewController.xib in Resources */ = {isa = PBXBuildFile; fileRef = F591DADB22F82A0200FC215E /* ListingsViewController.xib */; };
		F591DADF22F82A5400FC215E /* ListingsPresenter.swift in Sources */ = {isa = PBXBuildFile; fileRef = F591DADE22F82A5400FC215E /* ListingsPresenter.swift */; };
		F591DAE122F82AEA00FC215E /* BasePresenter.swift in Sources */ = {isa = PBXBuildFile; fileRef = F591DAE022F82AEA00FC215E /* BasePresenter.swift */; };
		F591DAE322F82F8500FC215E /* DataService.swift in Sources */ = {isa = PBXBuildFile; fileRef = F591DAE222F82F8500FC215E /* DataService.swift */; };
		F591DAE522F831BC00FC215E /* JobCollectionDTO.swift in Sources */ = {isa = PBXBuildFile; fileRef = F591DAE422F831BC00FC215E /* JobCollectionDTO.swift */; };
		F591DAE722F835FB00FC215E /* JobApplicationDetailsDTO.swift in Sources */ = {isa = PBXBuildFile; fileRef = F591DAE622F835FB00FC215E /* JobApplicationDetailsDTO.swift */; };
		F594F64322F8AB180028C59E /* ListingTableViewCell.swift in Sources */ = {isa = PBXBuildFile; fileRef = F594F64122F8AB180028C59E /* ListingTableViewCell.swift */; };
		F594F64422F8AB180028C59E /* ListingTableViewCell.xib in Resources */ = {isa = PBXBuildFile; fileRef = F594F64222F8AB180028C59E /* ListingTableViewCell.xib */; };
		F594F64722F8AE4F0028C59E /* JobDetailsViewController.swift in Sources */ = {isa = PBXBuildFile; fileRef = F594F64522F8AE4F0028C59E /* JobDetailsViewController.swift */; };
		F594F64822F8AE4F0028C59E /* JobDetailsViewController.xib in Resources */ = {isa = PBXBuildFile; fileRef = F594F64622F8AE4F0028C59E /* JobDetailsViewController.xib */; };
		F594F64A22F8AE600028C59E /* JobDetailPresenter.swift in Sources */ = {isa = PBXBuildFile; fileRef = F594F64922F8AE600028C59E /* JobDetailPresenter.swift */; };
		F5BC3C6922F6DC6F006C3B7B /* CodableExtensions.swift in Sources */ = {isa = PBXBuildFile; fileRef = F5BC3C6822F6DC6F006C3B7B /* CodableExtensions.swift */; };
		F5BC3C7622F6DD5A006C3B7B /* BaseNetworkService.swift in Sources */ = {isa = PBXBuildFile; fileRef = F5BC3C7422F6DD59006C3B7B /* BaseNetworkService.swift */; };
		F5BC3C7722F6DD5A006C3B7B /* NetworkService.swift in Sources */ = {isa = PBXBuildFile; fileRef = F5BC3C7322F6DD59006C3B7B /* NetworkService.swift */; };
		F5BC3C7822F6DD5A006C3B7B /* ServiceFactory.swift in Sources */ = {isa = PBXBuildFile; fileRef = F5BC3C7522F6DD5A006C3B7B /* ServiceFactory.swift */; };
		F5BC3C7B22F6E17E006C3B7B /* JobDTO.swift in Sources */ = {isa = PBXBuildFile; fileRef = F5BC3C7A22F6E17E006C3B7B /* JobDTO.swift */; };
/* End PBXBuildFile section */

/* Begin PBXContainerItemProxy section */
		F58BAF9922F6DA32006E97DD /* PBXContainerItemProxy */ = {
			isa = PBXContainerItemProxy;
			containerPortal = F58BAF7922F6DA32006E97DD /* Project object */;
			proxyType = 1;
			remoteGlobalIDString = F58BAF8022F6DA32006E97DD;
			remoteInfo = ListingsApp;
		};
/* End PBXContainerItemProxy section */

/* Begin PBXFileReference section */
		029F0C3C1B0BF81450993201 /* Pods_ListingsAppTests.framework */ = {isa = PBXFileReference; explicitFileType = wrapper.framework; includeInIndex = 0; path = Pods_ListingsAppTests.framework; sourceTree = BUILT_PRODUCTS_DIR; };
		3B586F88944E5F5D706D0551 /* Pods-ListingsAppTests.release.xcconfig */ = {isa = PBXFileReference; includeInIndex = 1; lastKnownFileType = text.xcconfig; name = "Pods-ListingsAppTests.release.xcconfig"; path = "Pods/Target Support Files/Pods-ListingsAppTests/Pods-ListingsAppTests.release.xcconfig"; sourceTree = "<group>"; };
		5DB59E6DF94EB39F41E6BD67 /* Pods_ListingsApp.framework */ = {isa = PBXFileReference; explicitFileType = wrapper.framework; includeInIndex = 0; path = Pods_ListingsApp.framework; sourceTree = BUILT_PRODUCTS_DIR; };
		8767BC657FD79C10FC174400 /* Pods-ListingsApp.release.xcconfig */ = {isa = PBXFileReference; includeInIndex = 1; lastKnownFileType = text.xcconfig; name = "Pods-ListingsApp.release.xcconfig"; path = "Pods/Target Support Files/Pods-ListingsApp/Pods-ListingsApp.release.xcconfig"; sourceTree = "<group>"; };
		DF5571AE3B1C7A6E7FB36BC2 /* Pods-ListingsApp.debug.xcconfig */ = {isa = PBXFileReference; includeInIndex = 1; lastKnownFileType = text.xcconfig; name = "Pods-ListingsApp.debug.xcconfig"; path = "Pods/Target Support Files/Pods-ListingsApp/Pods-ListingsApp.debug.xcconfig"; sourceTree = "<group>"; };
		E7F1DA46783092C52DFDBE29 /* Pods-ListingsAppTests.debug.xcconfig */ = {isa = PBXFileReference; includeInIndex = 1; lastKnownFileType = text.xcconfig; name = "Pods-ListingsAppTests.debug.xcconfig"; path = "Pods/Target Support Files/Pods-ListingsAppTests/Pods-ListingsAppTests.debug.xcconfig"; sourceTree = "<group>"; };
		F58BAF8122F6DA32006E97DD /* ListingsApp.app */ = {isa = PBXFileReference; explicitFileType = wrapper.application; includeInIndex = 0; path = ListingsApp.app; sourceTree = BUILT_PRODUCTS_DIR; };
		F58BAF8422F6DA32006E97DD /* AppDelegate.swift */ = {isa = PBXFileReference; lastKnownFileType = sourcecode.swift; path = AppDelegate.swift; sourceTree = "<group>"; };
		F58BAF8C22F6DA32006E97DD /* ListingsApp.xcdatamodel */ = {isa = PBXFileReference; lastKnownFileType = wrapper.xcdatamodel; path = ListingsApp.xcdatamodel; sourceTree = "<group>"; };
		F58BAF9122F6DA32006E97DD /* Base */ = {isa = PBXFileReference; lastKnownFileType = file.storyboard; name = Base; path = Base.lproj/LaunchScreen.storyboard; sourceTree = "<group>"; };
		F58BAF9322F6DA32006E97DD /* Info.plist */ = {isa = PBXFileReference; lastKnownFileType = text.plist.xml; path = Info.plist; sourceTree = "<group>"; };
		F58BAF9822F6DA32006E97DD /* ListingsAppTests.xctest */ = {isa = PBXFileReference; explicitFileType = wrapper.cfbundle; includeInIndex = 0; path = ListingsAppTests.xctest; sourceTree = BUILT_PRODUCTS_DIR; };
		F58BAF9C22F6DA33006E97DD /* ListingsAppTests.swift */ = {isa = PBXFileReference; lastKnownFileType = sourcecode.swift; path = ListingsAppTests.swift; sourceTree = "<group>"; };
		F58BAF9E22F6DA33006E97DD /* Info.plist */ = {isa = PBXFileReference; lastKnownFileType = text.plist.xml; path = Info.plist; sourceTree = "<group>"; };
		F591DAD722F8286D00FC215E /* AppCoordinator.swift */ = {isa = PBXFileReference; lastKnownFileType = sourcecode.swift; path = AppCoordinator.swift; sourceTree = "<group>"; };
		F591DADA22F82A0200FC215E /* ListingsViewController.swift */ = {isa = PBXFileReference; lastKnownFileType = sourcecode.swift; path = ListingsViewController.swift; sourceTree = "<group>"; };
		F591DADB22F82A0200FC215E /* ListingsViewController.xib */ = {isa = PBXFileReference; lastKnownFileType = file.xib; path = ListingsViewController.xib; sourceTree = "<group>"; };
		F591DADE22F82A5400FC215E /* ListingsPresenter.swift */ = {isa = PBXFileReference; lastKnownFileType = sourcecode.swift; path = ListingsPresenter.swift; sourceTree = "<group>"; };
		F591DAE022F82AEA00FC215E /* BasePresenter.swift */ = {isa = PBXFileReference; lastKnownFileType = sourcecode.swift; path = BasePresenter.swift; sourceTree = "<group>"; };
		F591DAE222F82F8500FC215E /* DataService.swift */ = {isa = PBXFileReference; lastKnownFileType = sourcecode.swift; path = DataService.swift; sourceTree = "<group>"; };
		F591DAE422F831BC00FC215E /* JobCollectionDTO.swift */ = {isa = PBXFileReference; lastKnownFileType = sourcecode.swift; path = JobCollectionDTO.swift; sourceTree = "<group>"; };
		F591DAE622F835FB00FC215E /* JobApplicationDetailsDTO.swift */ = {isa = PBXFileReference; lastKnownFileType = sourcecode.swift; path = JobApplicationDetailsDTO.swift; sourceTree = "<group>"; };
		F594F64122F8AB180028C59E /* ListingTableViewCell.swift */ = {isa = PBXFileReference; lastKnownFileType = sourcecode.swift; path = ListingTableViewCell.swift; sourceTree = "<group>"; };
		F594F64222F8AB180028C59E /* ListingTableViewCell.xib */ = {isa = PBXFileReference; lastKnownFileType = file.xib; path = ListingTableViewCell.xib; sourceTree = "<group>"; };
		F594F64522F8AE4F0028C59E /* JobDetailsViewController.swift */ = {isa = PBXFileReference; lastKnownFileType = sourcecode.swift; path = JobDetailsViewController.swift; sourceTree = "<group>"; };
		F594F64622F8AE4F0028C59E /* JobDetailsViewController.xib */ = {isa = PBXFileReference; lastKnownFileType = file.xib; path = JobDetailsViewController.xib; sourceTree = "<group>"; };
		F594F64922F8AE600028C59E /* JobDetailPresenter.swift */ = {isa = PBXFileReference; lastKnownFileType = sourcecode.swift; path = JobDetailPresenter.swift; sourceTree = "<group>"; };
		F5BC3C6822F6DC6F006C3B7B /* CodableExtensions.swift */ = {isa = PBXFileReference; fileEncoding = 4; lastKnownFileType = sourcecode.swift; name = CodableExtensions.swift; path = "../../../Base App copy/Starling-Tech-Test/Utility Files/CodableExtensions.swift"; sourceTree = "<group>"; };
		F5BC3C7322F6DD59006C3B7B /* NetworkService.swift */ = {isa = PBXFileReference; lastKnownFileType = sourcecode.swift; path = NetworkService.swift; sourceTree = "<group>"; };
		F5BC3C7422F6DD59006C3B7B /* BaseNetworkService.swift */ = {isa = PBXFileReference; lastKnownFileType = sourcecode.swift; path = BaseNetworkService.swift; sourceTree = "<group>"; };
		F5BC3C7522F6DD5A006C3B7B /* ServiceFactory.swift */ = {isa = PBXFileReference; lastKnownFileType = sourcecode.swift; path = ServiceFactory.swift; sourceTree = "<group>"; };
		F5BC3C7A22F6E17E006C3B7B /* JobDTO.swift */ = {isa = PBXFileReference; lastKnownFileType = sourcecode.swift; path = JobDTO.swift; sourceTree = "<group>"; };
/* End PBXFileReference section */

/* Begin PBXFrameworksBuildPhase section */
		F58BAF7E22F6DA32006E97DD /* Frameworks */ = {
			isa = PBXFrameworksBuildPhase;
			buildActionMask = 2147483647;
			files = (
				D996EC7268AEFD96C08EA5F8 /* Pods_ListingsApp.framework in Frameworks */,
			);
			runOnlyForDeploymentPostprocessing = 0;
		};
		F58BAF9522F6DA32006E97DD /* Frameworks */ = {
			isa = PBXFrameworksBuildPhase;
			buildActionMask = 2147483647;
			files = (
				D98EE14DE73C728D5D7E4BBA /* Pods_ListingsAppTests.framework in Frameworks */,
			);
			runOnlyForDeploymentPostprocessing = 0;
		};
/* End PBXFrameworksBuildPhase section */

/* Begin PBXGroup section */
		93FD06AF90ACC0E3B571D806 /* Pods */ = {
			isa = PBXGroup;
			children = (
				DF5571AE3B1C7A6E7FB36BC2 /* Pods-ListingsApp.debug.xcconfig */,
				8767BC657FD79C10FC174400 /* Pods-ListingsApp.release.xcconfig */,
				E7F1DA46783092C52DFDBE29 /* Pods-ListingsAppTests.debug.xcconfig */,
				3B586F88944E5F5D706D0551 /* Pods-ListingsAppTests.release.xcconfig */,
			);
			name = Pods;
			sourceTree = "<group>";
		};
		9B6CA275A15E65908077B07A /* Frameworks */ = {
			isa = PBXGroup;
			children = (
				5DB59E6DF94EB39F41E6BD67 /* Pods_ListingsApp.framework */,
				029F0C3C1B0BF81450993201 /* Pods_ListingsAppTests.framework */,
			);
			name = Frameworks;
			sourceTree = "<group>";
		};
		F58BAF7822F6DA32006E97DD = {
			isa = PBXGroup;
			children = (
				F58BAF8322F6DA32006E97DD /* ListingsApp */,
				F58BAF9B22F6DA33006E97DD /* ListingsAppTests */,
				F58BAF8222F6DA32006E97DD /* Products */,
				93FD06AF90ACC0E3B571D806 /* Pods */,
				9B6CA275A15E65908077B07A /* Frameworks */,
			);
			sourceTree = "<group>";
		};
		F58BAF8222F6DA32006E97DD /* Products */ = {
			isa = PBXGroup;
			children = (
				F58BAF8122F6DA32006E97DD /* ListingsApp.app */,
				F58BAF9822F6DA32006E97DD /* ListingsAppTests.xctest */,
			);
			name = Products;
			sourceTree = "<group>";
		};
		F58BAF8322F6DA32006E97DD /* ListingsApp */ = {
			isa = PBXGroup;
			children = (
				F591DAD622F8285700FC215E /* Coordinator */,
				F5BC3C6622F6DC0E006C3B7B /* Resources */,
				F591DAD922F8298000FC215E /* View Controllers */,
				F58BAF8422F6DA32006E97DD /* AppDelegate.swift */,
				F5BC3C7922F6E11F006C3B7B /* NetworkModels */,
				F5BC3C6C22F6DD47006C3B7B /* Network Service */,
				F5BC3C6722F6DC60006C3B7B /* Utility Files */,
			);
			path = ListingsApp;
			sourceTree = "<group>";
		};
		F58BAF9B22F6DA33006E97DD /* ListingsAppTests */ = {
			isa = PBXGroup;
			children = (
				F58BAF9C22F6DA33006E97DD /* ListingsAppTests.swift */,
				F58BAF9E22F6DA33006E97DD /* Info.plist */,
			);
			path = ListingsAppTests;
			sourceTree = "<group>";
		};
		F591DAD622F8285700FC215E /* Coordinator */ = {
			isa = PBXGroup;
			children = (
				F591DAD722F8286D00FC215E /* AppCoordinator.swift */,
			);
			path = Coordinator;
			sourceTree = "<group>";
		};
		F591DAD922F8298000FC215E /* View Controllers */ = {
			isa = PBXGroup;
			children = (
				F591DAE022F82AEA00FC215E /* BasePresenter.swift */,
				F594F63E22F8AAF10028C59E /* Cells */,
				F591DADE22F82A5400FC215E /* ListingsPresenter.swift */,
				F591DADA22F82A0200FC215E /* ListingsViewController.swift */,
				F591DADB22F82A0200FC215E /* ListingsViewController.xib */,
				F594F64922F8AE600028C59E /* JobDetailPresenter.swift */,
				F594F64522F8AE4F0028C59E /* JobDetailsViewController.swift */,
				F594F64622F8AE4F0028C59E /* JobDetailsViewController.xib */,
			);
			path = "View Controllers";
			sourceTree = "<group>";
		};
		F594F63E22F8AAF10028C59E /* Cells */ = {
			isa = PBXGroup;
			children = (
				F594F64122F8AB180028C59E /* ListingTableViewCell.swift */,
				F594F64222F8AB180028C59E /* ListingTableViewCell.xib */,
			);
			path = Cells;
			sourceTree = "<group>";
		};
		F5BC3C6622F6DC0E006C3B7B /* Resources */ = {
			isa = PBXGroup;
			children = (
				F58BAF9022F6DA32006E97DD /* LaunchScreen.storyboard */,
				F58BAF9322F6DA32006E97DD /* Info.plist */,
				F58BAF8B22F6DA32006E97DD /* ListingsApp.xcdatamodeld */,
			);
			path = Resources;
			sourceTree = "<group>";
		};
		F5BC3C6722F6DC60006C3B7B /* Utility Files */ = {
			isa = PBXGroup;
			children = (
				F5BC3C6822F6DC6F006C3B7B /* CodableExtensions.swift */,
			);
			path = "Utility Files";
			sourceTree = "<group>";
		};
		F5BC3C6C22F6DD47006C3B7B /* Network Service */ = {
			isa = PBXGroup;
			children = (
				F5BC3C7522F6DD5A006C3B7B /* ServiceFactory.swift */,
				F5BC3C7322F6DD59006C3B7B /* NetworkService.swift */,
				F591DAE222F82F8500FC215E /* DataService.swift */,
				F5BC3C7422F6DD59006C3B7B /* BaseNetworkService.swift */,
			);
			path = "Network Service";
			sourceTree = "<group>";
		};
		F5BC3C7922F6E11F006C3B7B /* NetworkModels */ = {
			isa = PBXGroup;
			children = (
				F5BC3C7A22F6E17E006C3B7B /* JobDTO.swift */,
				F591DAE422F831BC00FC215E /* JobCollectionDTO.swift */,
				F591DAE622F835FB00FC215E /* JobApplicationDetailsDTO.swift */,
			);
			path = NetworkModels;
			sourceTree = "<group>";
		};
/* End PBXGroup section */

/* Begin PBXNativeTarget section */
		F58BAF8022F6DA32006E97DD /* ListingsApp */ = {
			isa = PBXNativeTarget;
			buildConfigurationList = F58BAFA122F6DA33006E97DD /* Build configuration list for PBXNativeTarget "ListingsApp" */;
			buildPhases = (
				8FF29E4B03B6FE6E8308A39D /* [CP] Check Pods Manifest.lock */,
				F58BAF7D22F6DA32006E97DD /* Sources */,
				F58BAF7E22F6DA32006E97DD /* Frameworks */,
				F58BAF7F22F6DA32006E97DD /* Resources */,
				012B130872CC866E011A451B /* [CP] Embed Pods Frameworks */,
			);
			buildRules = (
			);
			dependencies = (
			);
			name = ListingsApp;
			productName = ListingsApp;
			productReference = F58BAF8122F6DA32006E97DD /* ListingsApp.app */;
			productType = "com.apple.product-type.application";
		};
		F58BAF9722F6DA32006E97DD /* ListingsAppTests */ = {
			isa = PBXNativeTarget;
			buildConfigurationList = F58BAFA422F6DA33006E97DD /* Build configuration list for PBXNativeTarget "ListingsAppTests" */;
			buildPhases = (
				0BD24872006082C6612025EA /* [CP] Check Pods Manifest.lock */,
				F58BAF9422F6DA32006E97DD /* Sources */,
				F58BAF9522F6DA32006E97DD /* Frameworks */,
				F58BAF9622F6DA32006E97DD /* Resources */,
			);
			buildRules = (
			);
			dependencies = (
				F58BAF9A22F6DA32006E97DD /* PBXTargetDependency */,
			);
			name = ListingsAppTests;
			productName = ListingsAppTests;
			productReference = F58BAF9822F6DA32006E97DD /* ListingsAppTests.xctest */;
			productType = "com.apple.product-type.bundle.unit-test";
		};
/* End PBXNativeTarget section */

/* Begin PBXProject section */
		F58BAF7922F6DA32006E97DD /* Project object */ = {
			isa = PBXProject;
			attributes = {
				LastSwiftUpdateCheck = 1020;
				LastUpgradeCheck = 1020;
				ORGANIZATIONNAME = "Christie-Davis";
				TargetAttributes = {
					F58BAF8022F6DA32006E97DD = {
						CreatedOnToolsVersion = 10.2.1;
					};
					F58BAF9722F6DA32006E97DD = {
						CreatedOnToolsVersion = 10.2.1;
						TestTargetID = F58BAF8022F6DA32006E97DD;
					};
				};
			};
			buildConfigurationList = F58BAF7C22F6DA32006E97DD /* Build configuration list for PBXProject "ListingsApp" */;
			compatibilityVersion = "Xcode 9.3";
			developmentRegion = en;
			hasScannedForEncodings = 0;
			knownRegions = (
				en,
				Base,
			);
			mainGroup = F58BAF7822F6DA32006E97DD;
			productRefGroup = F58BAF8222F6DA32006E97DD /* Products */;
			projectDirPath = "";
			projectRoot = "";
			targets = (
				F58BAF8022F6DA32006E97DD /* ListingsApp */,
				F58BAF9722F6DA32006E97DD /* ListingsAppTests */,
			);
		};
/* End PBXProject section */

/* Begin PBXResourcesBuildPhase section */
		F58BAF7F22F6DA32006E97DD /* Resources */ = {
			isa = PBXResourcesBuildPhase;
			buildActionMask = 2147483647;
			files = (
				F58BAF9222F6DA32006E97DD /* LaunchScreen.storyboard in Resources */,
				F594F64822F8AE4F0028C59E /* JobDetailsViewController.xib in Resources */,
				F591DADD22F82A0200FC215E /* ListingsViewController.xib in Resources */,
				F594F64422F8AB180028C59E /* ListingTableViewCell.xib in Resources */,
			);
			runOnlyForDeploymentPostprocessing = 0;
		};
		F58BAF9622F6DA32006E97DD /* Resources */ = {
			isa = PBXResourcesBuildPhase;
			buildActionMask = 2147483647;
			files = (
			);
			runOnlyForDeploymentPostprocessing = 0;
		};
/* End PBXResourcesBuildPhase section */

/* Begin PBXShellScriptBuildPhase section */
		012B130872CC866E011A451B /* [CP] Embed Pods Frameworks */ = {
			isa = PBXShellScriptBuildPhase;
			buildActionMask = 2147483647;
			files = (
			);
			inputFileListPaths = (
			);
			inputPaths = (
				"${SRCROOT}/Pods/Target Support Files/Pods-ListingsApp/Pods-ListingsApp-frameworks.sh",
				"${BUILT_PRODUCTS_DIR}/Alamofire/Alamofire.framework",
				"${BUILT_PRODUCTS_DIR}/PromiseKit/PromiseKit.framework",
			);
			name = "[CP] Embed Pods Frameworks";
			outputFileListPaths = (
			);
			outputPaths = (
				"${TARGET_BUILD_DIR}/${FRAMEWORKS_FOLDER_PATH}/Alamofire.framework",
				"${TARGET_BUILD_DIR}/${FRAMEWORKS_FOLDER_PATH}/PromiseKit.framework",
			);
			runOnlyForDeploymentPostprocessing = 0;
			shellPath = /bin/sh;
			shellScript = "\"${SRCROOT}/Pods/Target Support Files/Pods-ListingsApp/Pods-ListingsApp-frameworks.sh\"\n";
			showEnvVarsInLog = 0;
		};
		0BD24872006082C6612025EA /* [CP] Check Pods Manifest.lock */ = {
			isa = PBXShellScriptBuildPhase;
			buildActionMask = 2147483647;
			files = (
			);
			inputFileListPaths = (
			);
			inputPaths = (
				"${PODS_PODFILE_DIR_PATH}/Podfile.lock",
				"${PODS_ROOT}/Manifest.lock",
			);
			name = "[CP] Check Pods Manifest.lock";
			outputFileListPaths = (
			);
			outputPaths = (
				"$(DERIVED_FILE_DIR)/Pods-ListingsAppTests-checkManifestLockResult.txt",
			);
			runOnlyForDeploymentPostprocessing = 0;
			shellPath = /bin/sh;
			shellScript = "diff \"${PODS_PODFILE_DIR_PATH}/Podfile.lock\" \"${PODS_ROOT}/Manifest.lock\" > /dev/null\nif [ $? != 0 ] ; then\n    # print error to STDERR\n    echo \"error: The sandbox is not in sync with the Podfile.lock. Run 'pod install' or update your CocoaPods installation.\" >&2\n    exit 1\nfi\n# This output is used by Xcode 'outputs' to avoid re-running this script phase.\necho \"SUCCESS\" > \"${SCRIPT_OUTPUT_FILE_0}\"\n";
			showEnvVarsInLog = 0;
		};
		8FF29E4B03B6FE6E8308A39D /* [CP] Check Pods Manifest.lock */ = {
			isa = PBXShellScriptBuildPhase;
			buildActionMask = 2147483647;
			files = (
			);
			inputFileListPaths = (
			);
			inputPaths = (
				"${PODS_PODFILE_DIR_PATH}/Podfile.lock",
				"${PODS_ROOT}/Manifest.lock",
			);
			name = "[CP] Check Pods Manifest.lock";
			outputFileListPaths = (
			);
			outputPaths = (
				"$(DERIVED_FILE_DIR)/Pods-ListingsApp-checkManifestLockResult.txt",
			);
			runOnlyForDeploymentPostprocessing = 0;
			shellPath = /bin/sh;
			shellScript = "diff \"${PODS_PODFILE_DIR_PATH}/Podfile.lock\" \"${PODS_ROOT}/Manifest.lock\" > /dev/null\nif [ $? != 0 ] ; then\n    # print error to STDERR\n    echo \"error: The sandbox is not in sync with the Podfile.lock. Run 'pod install' or update your CocoaPods installation.\" >&2\n    exit 1\nfi\n# This output is used by Xcode 'outputs' to avoid re-running this script phase.\necho \"SUCCESS\" > \"${SCRIPT_OUTPUT_FILE_0}\"\n";
			showEnvVarsInLog = 0;
		};
/* End PBXShellScriptBuildPhase section */

/* Begin PBXSourcesBuildPhase section */
		F58BAF7D22F6DA32006E97DD /* Sources */ = {
			isa = PBXSourcesBuildPhase;
			buildActionMask = 2147483647;
			files = (
				F5BC3C7822F6DD5A006C3B7B /* ServiceFactory.swift in Sources */,
				F5BC3C7B22F6E17E006C3B7B /* JobDTO.swift in Sources */,
				F591DAE522F831BC00FC215E /* JobCollectionDTO.swift in Sources */,
				F591DADC22F82A0200FC215E /* ListingsViewController.swift in Sources */,
				F591DAE322F82F8500FC215E /* DataService.swift in Sources */,
				F5BC3C7622F6DD5A006C3B7B /* BaseNetworkService.swift in Sources */,
				F594F64322F8AB180028C59E /* ListingTableViewCell.swift in Sources */,
				F5BC3C6922F6DC6F006C3B7B /* CodableExtensions.swift in Sources */,
				F591DAE722F835FB00FC215E /* JobApplicationDetailsDTO.swift in Sources */,
				F594F64722F8AE4F0028C59E /* JobDetailsViewController.swift in Sources */,
				F5BC3C7722F6DD5A006C3B7B /* NetworkService.swift in Sources */,
				F591DAD822F8286D00FC215E /* AppCoordinator.swift in Sources */,
				F58BAF8D22F6DA32006E97DD /* ListingsApp.xcdatamodeld in Sources */,
				F594F64A22F8AE600028C59E /* JobDetailPresenter.swift in Sources */,
				F58BAF8522F6DA32006E97DD /* AppDelegate.swift in Sources */,
				F591DADF22F82A5400FC215E /* ListingsPresenter.swift in Sources */,
				F591DAE122F82AEA00FC215E /* BasePresenter.swift in Sources */,
			);
			runOnlyForDeploymentPostprocessing = 0;
		};
		F58BAF9422F6DA32006E97DD /* Sources */ = {
			isa = PBXSourcesBuildPhase;
			buildActionMask = 2147483647;
			files = (
				F58BAF9D22F6DA33006E97DD /* ListingsAppTests.swift in Sources */,
			);
			runOnlyForDeploymentPostprocessing = 0;
		};
/* End PBXSourcesBuildPhase section */

/* Begin PBXTargetDependency section */
		F58BAF9A22F6DA32006E97DD /* PBXTargetDependency */ = {
			isa = PBXTargetDependency;
			target = F58BAF8022F6DA32006E97DD /* ListingsApp */;
			targetProxy = F58BAF9922F6DA32006E97DD /* PBXContainerItemProxy */;
		};
/* End PBXTargetDependency section */

/* Begin PBXVariantGroup section */
		F58BAF9022F6DA32006E97DD /* LaunchScreen.storyboard */ = {
			isa = PBXVariantGroup;
			children = (
				F58BAF9122F6DA32006E97DD /* Base */,
			);
			name = LaunchScreen.storyboard;
			sourceTree = "<group>";
		};
/* End PBXVariantGroup section */

/* Begin XCBuildConfiguration section */
		F58BAF9F22F6DA33006E97DD /* Debug */ = {
			isa = XCBuildConfiguration;
			buildSettings = {
				ALWAYS_SEARCH_USER_PATHS = NO;
				CLANG_ANALYZER_NONNULL = YES;
				CLANG_ANALYZER_NUMBER_OBJECT_CONVERSION = YES_AGGRESSIVE;
				CLANG_CXX_LANGUAGE_STANDARD = "gnu++14";
				CLANG_CXX_LIBRARY = "libc++";
				CLANG_ENABLE_MODULES = YES;
				CLANG_ENABLE_OBJC_ARC = YES;
				CLANG_ENABLE_OBJC_WEAK = YES;
				CLANG_WARN_BLOCK_CAPTURE_AUTORELEASING = YES;
				CLANG_WARN_BOOL_CONVERSION = YES;
				CLANG_WARN_COMMA = YES;
				CLANG_WARN_CONSTANT_CONVERSION = YES;
				CLANG_WARN_DEPRECATED_OBJC_IMPLEMENTATIONS = YES;
				CLANG_WARN_DIRECT_OBJC_ISA_USAGE = YES_ERROR;
				CLANG_WARN_DOCUMENTATION_COMMENTS = YES;
				CLANG_WARN_EMPTY_BODY = YES;
				CLANG_WARN_ENUM_CONVERSION = YES;
				CLANG_WARN_INFINITE_RECURSION = YES;
				CLANG_WARN_INT_CONVERSION = YES;
				CLANG_WARN_NON_LITERAL_NULL_CONVERSION = YES;
				CLANG_WARN_OBJC_IMPLICIT_RETAIN_SELF = YES;
				CLANG_WARN_OBJC_LITERAL_CONVERSION = YES;
				CLANG_WARN_OBJC_ROOT_CLASS = YES_ERROR;
				CLANG_WARN_RANGE_LOOP_ANALYSIS = YES;
				CLANG_WARN_STRICT_PROTOTYPES = YES;
				CLANG_WARN_SUSPICIOUS_MOVE = YES;
				CLANG_WARN_UNGUARDED_AVAILABILITY = YES_AGGRESSIVE;
				CLANG_WARN_UNREACHABLE_CODE = YES;
				CLANG_WARN__DUPLICATE_METHOD_MATCH = YES;
				CODE_SIGN_IDENTITY = "iPhone Developer";
				COPY_PHASE_STRIP = NO;
				DEBUG_INFORMATION_FORMAT = dwarf;
				ENABLE_STRICT_OBJC_MSGSEND = YES;
				ENABLE_TESTABILITY = YES;
				GCC_C_LANGUAGE_STANDARD = gnu11;
				GCC_DYNAMIC_NO_PIC = NO;
				GCC_NO_COMMON_BLOCKS = YES;
				GCC_OPTIMIZATION_LEVEL = 0;
				GCC_PREPROCESSOR_DEFINITIONS = (
					"DEBUG=1",
					"$(inherited)",
				);
				GCC_WARN_64_TO_32_BIT_CONVERSION = YES;
				GCC_WARN_ABOUT_RETURN_TYPE = YES_ERROR;
				GCC_WARN_UNDECLARED_SELECTOR = YES;
				GCC_WARN_UNINITIALIZED_AUTOS = YES_AGGRESSIVE;
				GCC_WARN_UNUSED_FUNCTION = YES;
				GCC_WARN_UNUSED_VARIABLE = YES;
				IPHONEOS_DEPLOYMENT_TARGET = 12.2;
				MTL_ENABLE_DEBUG_INFO = INCLUDE_SOURCE;
				MTL_FAST_MATH = YES;
				ONLY_ACTIVE_ARCH = YES;
				SDKROOT = iphoneos;
				SWIFT_ACTIVE_COMPILATION_CONDITIONS = DEBUG;
				SWIFT_OPTIMIZATION_LEVEL = "-Onone";
			};
			name = Debug;
		};
		F58BAFA022F6DA33006E97DD /* Release */ = {
			isa = XCBuildConfiguration;
			buildSettings = {
				ALWAYS_SEARCH_USER_PATHS = NO;
				CLANG_ANALYZER_NONNULL = YES;
				CLANG_ANALYZER_NUMBER_OBJECT_CONVERSION = YES_AGGRESSIVE;
				CLANG_CXX_LANGUAGE_STANDARD = "gnu++14";
				CLANG_CXX_LIBRARY = "libc++";
				CLANG_ENABLE_MODULES = YES;
				CLANG_ENABLE_OBJC_ARC = YES;
				CLANG_ENABLE_OBJC_WEAK = YES;
				CLANG_WARN_BLOCK_CAPTURE_AUTORELEASING = YES;
				CLANG_WARN_BOOL_CONVERSION = YES;
				CLANG_WARN_COMMA = YES;
				CLANG_WARN_CONSTANT_CONVERSION = YES;
				CLANG_WARN_DEPRECATED_OBJC_IMPLEMENTATIONS = YES;
				CLANG_WARN_DIRECT_OBJC_ISA_USAGE = YES_ERROR;
				CLANG_WARN_DOCUMENTATION_COMMENTS = YES;
				CLANG_WARN_EMPTY_BODY = YES;
				CLANG_WARN_ENUM_CONVERSION = YES;
				CLANG_WARN_INFINITE_RECURSION = YES;
				CLANG_WARN_INT_CONVERSION = YES;
				CLANG_WARN_NON_LITERAL_NULL_CONVERSION = YES;
				CLANG_WARN_OBJC_IMPLICIT_RETAIN_SELF = YES;
				CLANG_WARN_OBJC_LITERAL_CONVERSION = YES;
				CLANG_WARN_OBJC_ROOT_CLASS = YES_ERROR;
				CLANG_WARN_RANGE_LOOP_ANALYSIS = YES;
				CLANG_WARN_STRICT_PROTOTYPES = YES;
				CLANG_WARN_SUSPICIOUS_MOVE = YES;
				CLANG_WARN_UNGUARDED_AVAILABILITY = YES_AGGRESSIVE;
				CLANG_WARN_UNREACHABLE_CODE = YES;
				CLANG_WARN__DUPLICATE_METHOD_MATCH = YES;
				CODE_SIGN_IDENTITY = "iPhone Developer";
				COPY_PHASE_STRIP = NO;
				DEBUG_INFORMATION_FORMAT = "dwarf-with-dsym";
				ENABLE_NS_ASSERTIONS = NO;
				ENABLE_STRICT_OBJC_MSGSEND = YES;
				GCC_C_LANGUAGE_STANDARD = gnu11;
				GCC_NO_COMMON_BLOCKS = YES;
				GCC_WARN_64_TO_32_BIT_CONVERSION = YES;
				GCC_WARN_ABOUT_RETURN_TYPE = YES_ERROR;
				GCC_WARN_UNDECLARED_SELECTOR = YES;
				GCC_WARN_UNINITIALIZED_AUTOS = YES_AGGRESSIVE;
				GCC_WARN_UNUSED_FUNCTION = YES;
				GCC_WARN_UNUSED_VARIABLE = YES;
				IPHONEOS_DEPLOYMENT_TARGET = 12.2;
				MTL_ENABLE_DEBUG_INFO = NO;
				MTL_FAST_MATH = YES;
				SDKROOT = iphoneos;
				SWIFT_COMPILATION_MODE = wholemodule;
				SWIFT_OPTIMIZATION_LEVEL = "-O";
				VALIDATE_PRODUCT = YES;
			};
			name = Release;
		};
		F58BAFA222F6DA33006E97DD /* Debug */ = {
			isa = XCBuildConfiguration;
			baseConfigurationReference = DF5571AE3B1C7A6E7FB36BC2 /* Pods-ListingsApp.debug.xcconfig */;
			buildSettings = {
				CODE_SIGN_STYLE = Automatic;
				DEVELOPMENT_TEAM = RU5SGBJGGX;
				INFOPLIST_FILE = "$(SRCROOT)/ListingsApp/Resources/Info.plist";
				LD_RUNPATH_SEARCH_PATHS = (
					"$(inherited)",
					"@executable_path/Frameworks",
				);
				PRODUCT_BUNDLE_IDENTIFIER = nz.co.davis.christie.ListingsApp;
				PRODUCT_NAME = "$(TARGET_NAME)";
				SWIFT_VERSION = 5.0;
				TARGETED_DEVICE_FAMILY = "1,2";
			};
			name = Debug;
		};
		F58BAFA322F6DA33006E97DD /* Release */ = {
			isa = XCBuildConfiguration;
			baseConfigurationReference = 8767BC657FD79C10FC174400 /* Pods-ListingsApp.release.xcconfig */;
			buildSettings = {
				CODE_SIGN_STYLE = Automatic;
				DEVELOPMENT_TEAM = RU5SGBJGGX;
				INFOPLIST_FILE = "$(SRCROOT)/ListingsApp/Resources/Info.plist";
				LD_RUNPATH_SEARCH_PATHS = (
					"$(inherited)",
					"@executable_path/Frameworks",
				);
				PRODUCT_BUNDLE_IDENTIFIER = nz.co.davis.christie.ListingsApp;
				PRODUCT_NAME = "$(TARGET_NAME)";
				SWIFT_VERSION = 5.0;
				TARGETED_DEVICE_FAMILY = "1,2";
			};
			name = Release;
		};
		F58BAFA522F6DA33006E97DD /* Debug */ = {
			isa = XCBuildConfiguration;
			baseConfigurationReference = E7F1DA46783092C52DFDBE29 /* Pods-ListingsAppTests.debug.xcconfig */;
			buildSettings = {
				ALWAYS_EMBED_SWIFT_STANDARD_LIBRARIES = YES;
				BUNDLE_LOADER = "$(TEST_HOST)";
				CODE_SIGN_STYLE = Automatic;
				DEVELOPMENT_TEAM = 77B4XKLPCN;
				INFOPLIST_FILE = ListingsAppTests/Info.plist;
				LD_RUNPATH_SEARCH_PATHS = (
					"$(inherited)",
					"@executable_path/Frameworks",
					"@loader_path/Frameworks",
				);
				PRODUCT_BUNDLE_IDENTIFIER = nz.co.davis.christie.ListingsAppTests;
				PRODUCT_NAME = "$(TARGET_NAME)";
				SWIFT_VERSION = 5.0;
				TARGETED_DEVICE_FAMILY = "1,2";
				TEST_HOST = "$(BUILT_PRODUCTS_DIR)/ListingsApp.app/ListingsApp";
			};
			name = Debug;
		};
		F58BAFA622F6DA33006E97DD /* Release */ = {
			isa = XCBuildConfiguration;
			baseConfigurationReference = 3B586F88944E5F5D706D0551 /* Pods-ListingsAppTests.release.xcconfig */;
			buildSettings = {
				ALWAYS_EMBED_SWIFT_STANDARD_LIBRARIES = YES;
				BUNDLE_LOADER = "$(TEST_HOST)";
				CODE_SIGN_STYLE = Automatic;
				DEVELOPMENT_TEAM = 77B4XKLPCN;
				INFOPLIST_FILE = ListingsAppTests/Info.plist;
				LD_RUNPATH_SEARCH_PATHS = (
					"$(inherited)",
					"@executable_path/Frameworks",
					"@loader_path/Frameworks",
				);
				PRODUCT_BUNDLE_IDENTIFIER = nz.co.davis.christie.ListingsAppTests;
				PRODUCT_NAME = "$(TARGET_NAME)";
				SWIFT_VERSION = 5.0;
				TARGETED_DEVICE_FAMILY = "1,2";
				TEST_HOST = "$(BUILT_PRODUCTS_DIR)/ListingsApp.app/ListingsApp";
			};
			name = Release;
		};
/* End XCBuildConfiguration section */

/* Begin XCConfigurationList section */
		F58BAF7C22F6DA32006E97DD /* Build configuration list for PBXProject "ListingsApp" */ = {
			isa = XCConfigurationList;
			buildConfigurations = (
				F58BAF9F22F6DA33006E97DD /* Debug */,
				F58BAFA022F6DA33006E97DD /* Release */,
			);
			defaultConfigurationIsVisible = 0;
			defaultConfigurationName = Release;
		};
		F58BAFA122F6DA33006E97DD /* Build configuration list for PBXNativeTarget "ListingsApp" */ = {
			isa = XCConfigurationList;
			buildConfigurations = (
				F58BAFA222F6DA33006E97DD /* Debug */,
				F58BAFA322F6DA33006E97DD /* Release */,
			);
			defaultConfigurationIsVisible = 0;
			defaultConfigurationName = Release;
		};
		F58BAFA422F6DA33006E97DD /* Build configuration list for PBXNativeTarget "ListingsAppTests" */ = {
			isa = XCConfigurationList;
			buildConfigurations = (
				F58BAFA522F6DA33006E97DD /* Debug */,
				F58BAFA622F6DA33006E97DD /* Release */,
			);
			defaultConfigurationIsVisible = 0;
			defaultConfigurationName = Release;
		};
/* End XCConfigurationList section */

/* Begin XCVersionGroup section */
		F58BAF8B22F6DA32006E97DD /* ListingsApp.xcdatamodeld */ = {
			isa = XCVersionGroup;
			children = (
				F58BAF8C22F6DA32006E97DD /* ListingsApp.xcdatamodel */,
			);
			currentVersion = F58BAF8C22F6DA32006E97DD /* ListingsApp.xcdatamodel */;
			path = ListingsApp.xcdatamodeld;
			sourceTree = "<group>";
			versionGroupType = wrapper.xcdatamodel;
		};
/* End XCVersionGroup section */
	};
	rootObject = F58BAF7922F6DA32006E97DD /* Project object */;
}
