// !$*UTF8*$!
{
	archiveVersion = 1;
	classes = {
	};
	objectVersion = 50;
	objects = {

/* Begin PBXBuildFile section */
		EC0EBDA5776A8AAA05F5E585 /* Pods_Starling_Tech_TestTests.framework in Frameworks */ = {isa = PBXBuildFile; fileRef = 28A1918D334BE5339843D351 /* Pods_Starling_Tech_TestTests.framework */; };
		F12530A648480A999F2617FA /* Pods_Starling_Tech_TestUITests.framework in Frameworks */ = {isa = PBXBuildFile; fileRef = E970273650396AEC60C0E9C6 /* Pods_Starling_Tech_TestUITests.framework */; };
		F524B2D422EC0BCB00D09D49 /* NetworkService.swift in Sources */ = {isa = PBXBuildFile; fileRef = F524B2D322EC0BCB00D09D49 /* NetworkService.swift */; };
		F524B2D622EC0BE500D09D49 /* BaseNetworkService.swift in Sources */ = {isa = PBXBuildFile; fileRef = F524B2D522EC0BE500D09D49 /* BaseNetworkService.swift */; };
		F524B2D822EC0D3F00D09D49 /* CodableExtensions.swift in Sources */ = {isa = PBXBuildFile; fileRef = F524B2D722EC0D3F00D09D49 /* CodableExtensions.swift */; };
		F524B2DC22EC106300D09D49 /* UserAccountPresenter.swift in Sources */ = {isa = PBXBuildFile; fileRef = F524B2DB22EC106300D09D49 /* UserAccountPresenter.swift */; };
		F524B2E022EC10AA00D09D49 /* UserAccountViewController.swift in Sources */ = {isa = PBXBuildFile; fileRef = F524B2DE22EC10AA00D09D49 /* UserAccountViewController.swift */; };
		F524B2E122EC10AA00D09D49 /* UserAccountViewController.xib in Resources */ = {isa = PBXBuildFile; fileRef = F524B2DF22EC10AA00D09D49 /* UserAccountViewController.xib */; };
		F524B2E422EC10D400D09D49 /* AppCoordinator.swift in Sources */ = {isa = PBXBuildFile; fileRef = F524B2E322EC10D400D09D49 /* AppCoordinator.swift */; };
		F524B2E722EC177500D09D49 /* BasePresenter.swift in Sources */ = {isa = PBXBuildFile; fileRef = F524B2E622EC177500D09D49 /* BasePresenter.swift */; };
		F524B2E922EC17C600D09D49 /* ServiceFactory.swift in Sources */ = {isa = PBXBuildFile; fileRef = F524B2E822EC17C600D09D49 /* ServiceFactory.swift */; };
		F524B2EC22EC19B900D09D49 /* BankAccountDTO.swift in Sources */ = {isa = PBXBuildFile; fileRef = F524B2EB22EC19B900D09D49 /* BankAccountDTO.swift */; };
		F524B2EE22EC19D800D09D49 /* UserTransactionFeedDTO.swift in Sources */ = {isa = PBXBuildFile; fileRef = F524B2ED22EC19D800D09D49 /* UserTransactionFeedDTO.swift */; };
		F524B2F022EC1C1A00D09D49 /* BankAccountCollectionDTO.swift in Sources */ = {isa = PBXBuildFile; fileRef = F524B2EF22EC1C1A00D09D49 /* BankAccountCollectionDTO.swift */; };
		F5D781D622EC0A68007F4960 /* AppDelegate.swift in Sources */ = {isa = PBXBuildFile; fileRef = F5D781D522EC0A68007F4960 /* AppDelegate.swift */; };
		F5D781DD22EC0A6C007F4960 /* Assets.xcassets in Resources */ = {isa = PBXBuildFile; fileRef = F5D781DC22EC0A6C007F4960 /* Assets.xcassets */; };
		F5D781E022EC0A6C007F4960 /* LaunchScreen.storyboard in Resources */ = {isa = PBXBuildFile; fileRef = F5D781DE22EC0A6C007F4960 /* LaunchScreen.storyboard */; };
		F5D781EB22EC0A6C007F4960 /* Starling_Tech_TestTests.swift in Sources */ = {isa = PBXBuildFile; fileRef = F5D781EA22EC0A6C007F4960 /* Starling_Tech_TestTests.swift */; };
		F5D781F622EC0A6C007F4960 /* Starling_Tech_TestUITests.swift in Sources */ = {isa = PBXBuildFile; fileRef = F5D781F522EC0A6C007F4960 /* Starling_Tech_TestUITests.swift */; };
		FC533280275127D32E0AF09C /* Pods_Starling_Tech_Test.framework in Frameworks */ = {isa = PBXBuildFile; fileRef = CF4FE656ED190E8170809531 /* Pods_Starling_Tech_Test.framework */; };
/* End PBXBuildFile section */

/* Begin PBXContainerItemProxy section */
		F5D781E722EC0A6C007F4960 /* PBXContainerItemProxy */ = {
			isa = PBXContainerItemProxy;
			containerPortal = F5D781CA22EC0A68007F4960 /* Project object */;
			proxyType = 1;
			remoteGlobalIDString = F5D781D122EC0A68007F4960;
			remoteInfo = "Starling-Tech-Test";
		};
		F5D781F222EC0A6C007F4960 /* PBXContainerItemProxy */ = {
			isa = PBXContainerItemProxy;
			containerPortal = F5D781CA22EC0A68007F4960 /* Project object */;
			proxyType = 1;
			remoteGlobalIDString = F5D781D122EC0A68007F4960;
			remoteInfo = "Starling-Tech-Test";
		};
/* End PBXContainerItemProxy section */

/* Begin PBXFileReference section */
		0225B6E82DC8A7139EE54167 /* Pods-Starling-Tech-Test.release.xcconfig */ = {isa = PBXFileReference; includeInIndex = 1; lastKnownFileType = text.xcconfig; name = "Pods-Starling-Tech-Test.release.xcconfig"; path = "Pods/Target Support Files/Pods-Starling-Tech-Test/Pods-Starling-Tech-Test.release.xcconfig"; sourceTree = "<group>"; };
		2834F4FFC2666528666FBBAF /* Pods-Starling-Tech-TestUITests.release.xcconfig */ = {isa = PBXFileReference; includeInIndex = 1; lastKnownFileType = text.xcconfig; name = "Pods-Starling-Tech-TestUITests.release.xcconfig"; path = "Pods/Target Support Files/Pods-Starling-Tech-TestUITests/Pods-Starling-Tech-TestUITests.release.xcconfig"; sourceTree = "<group>"; };
		28A1918D334BE5339843D351 /* Pods_Starling_Tech_TestTests.framework */ = {isa = PBXFileReference; explicitFileType = wrapper.framework; includeInIndex = 0; path = Pods_Starling_Tech_TestTests.framework; sourceTree = BUILT_PRODUCTS_DIR; };
		2F3C85C1C946549237825223 /* Pods-Starling-Tech-TestUITests.debug.xcconfig */ = {isa = PBXFileReference; includeInIndex = 1; lastKnownFileType = text.xcconfig; name = "Pods-Starling-Tech-TestUITests.debug.xcconfig"; path = "Pods/Target Support Files/Pods-Starling-Tech-TestUITests/Pods-Starling-Tech-TestUITests.debug.xcconfig"; sourceTree = "<group>"; };
		43CBEEC5675BFA7AE233B6B9 /* Pods-Starling-Tech-TestTests.release.xcconfig */ = {isa = PBXFileReference; includeInIndex = 1; lastKnownFileType = text.xcconfig; name = "Pods-Starling-Tech-TestTests.release.xcconfig"; path = "Pods/Target Support Files/Pods-Starling-Tech-TestTests/Pods-Starling-Tech-TestTests.release.xcconfig"; sourceTree = "<group>"; };
		4E44CCA3585B90E4C454B0C6 /* Pods-Starling-Tech-TestTests.debug.xcconfig */ = {isa = PBXFileReference; includeInIndex = 1; lastKnownFileType = text.xcconfig; name = "Pods-Starling-Tech-TestTests.debug.xcconfig"; path = "Pods/Target Support Files/Pods-Starling-Tech-TestTests/Pods-Starling-Tech-TestTests.debug.xcconfig"; sourceTree = "<group>"; };
		CF4FE656ED190E8170809531 /* Pods_Starling_Tech_Test.framework */ = {isa = PBXFileReference; explicitFileType = wrapper.framework; includeInIndex = 0; path = Pods_Starling_Tech_Test.framework; sourceTree = BUILT_PRODUCTS_DIR; };
		E41FE713DFCE6F20C6BA8AE3 /* Pods-Starling-Tech-Test.debug.xcconfig */ = {isa = PBXFileReference; includeInIndex = 1; lastKnownFileType = text.xcconfig; name = "Pods-Starling-Tech-Test.debug.xcconfig"; path = "Pods/Target Support Files/Pods-Starling-Tech-Test/Pods-Starling-Tech-Test.debug.xcconfig"; sourceTree = "<group>"; };
		E970273650396AEC60C0E9C6 /* Pods_Starling_Tech_TestUITests.framework */ = {isa = PBXFileReference; explicitFileType = wrapper.framework; includeInIndex = 0; path = Pods_Starling_Tech_TestUITests.framework; sourceTree = BUILT_PRODUCTS_DIR; };
		F524B2D322EC0BCB00D09D49 /* NetworkService.swift */ = {isa = PBXFileReference; lastKnownFileType = sourcecode.swift; name = NetworkService.swift; path = "../../../ListingsApp/ListingsApp/Network Service/NetworkService.swift"; sourceTree = "<group>"; };
		F524B2D522EC0BE500D09D49 /* BaseNetworkService.swift */ = {isa = PBXFileReference; lastKnownFileType = sourcecode.swift; name = BaseNetworkService.swift; path = "../../../ListingsApp/ListingsApp/Network Service/BaseNetworkService.swift"; sourceTree = "<group>"; };
		F524B2D722EC0D3F00D09D49 /* CodableExtensions.swift */ = {isa = PBXFileReference; lastKnownFileType = sourcecode.swift; path = CodableExtensions.swift; sourceTree = "<group>"; };
		F524B2DB22EC106300D09D49 /* UserAccountPresenter.swift */ = {isa = PBXFileReference; lastKnownFileType = sourcecode.swift; path = UserAccountPresenter.swift; sourceTree = "<group>"; };
		F524B2DE22EC10AA00D09D49 /* UserAccountViewController.swift */ = {isa = PBXFileReference; lastKnownFileType = sourcecode.swift; path = UserAccountViewController.swift; sourceTree = "<group>"; };
		F524B2DF22EC10AA00D09D49 /* UserAccountViewController.xib */ = {isa = PBXFileReference; lastKnownFileType = file.xib; path = UserAccountViewController.xib; sourceTree = "<group>"; };
		F524B2E322EC10D400D09D49 /* AppCoordinator.swift */ = {isa = PBXFileReference; lastKnownFileType = sourcecode.swift; path = AppCoordinator.swift; sourceTree = "<group>"; };
		F524B2E622EC177500D09D49 /* BasePresenter.swift */ = {isa = PBXFileReference; lastKnownFileType = sourcecode.swift; path = BasePresenter.swift; sourceTree = "<group>"; };
		F524B2E822EC17C600D09D49 /* ServiceFactory.swift */ = {isa = PBXFileReference; lastKnownFileType = sourcecode.swift; name = ServiceFactory.swift; path = "../../../ListingsApp/ListingsApp/Network Service/ServiceFactory.swift"; sourceTree = "<group>"; };
		F524B2EB22EC19B900D09D49 /* BankAccountDTO.swift */ = {isa = PBXFileReference; lastKnownFileType = sourcecode.swift; path = BankAccountDTO.swift; sourceTree = "<group>"; };
		F524B2ED22EC19D800D09D49 /* UserTransactionFeedDTO.swift */ = {isa = PBXFileReference; lastKnownFileType = sourcecode.swift; path = UserTransactionFeedDTO.swift; sourceTree = "<group>"; };
		F524B2EF22EC1C1A00D09D49 /* BankAccountCollectionDTO.swift */ = {isa = PBXFileReference; lastKnownFileType = sourcecode.swift; path = BankAccountCollectionDTO.swift; sourceTree = "<group>"; };
		F5D781D222EC0A68007F4960 /* Starling-Tech-Test.app */ = {isa = PBXFileReference; explicitFileType = wrapper.application; includeInIndex = 0; path = "Starling-Tech-Test.app"; sourceTree = BUILT_PRODUCTS_DIR; };
		F5D781D522EC0A68007F4960 /* AppDelegate.swift */ = {isa = PBXFileReference; lastKnownFileType = sourcecode.swift; path = AppDelegate.swift; sourceTree = "<group>"; };
		F5D781DC22EC0A6C007F4960 /* Assets.xcassets */ = {isa = PBXFileReference; lastKnownFileType = folder.assetcatalog; path = Assets.xcassets; sourceTree = "<group>"; };
		F5D781DF22EC0A6C007F4960 /* Base */ = {isa = PBXFileReference; lastKnownFileType = file.storyboard; name = Base; path = Base.lproj/LaunchScreen.storyboard; sourceTree = "<group>"; };
		F5D781E122EC0A6C007F4960 /* Info.plist */ = {isa = PBXFileReference; lastKnownFileType = text.plist.xml; path = Info.plist; sourceTree = "<group>"; };
		F5D781E622EC0A6C007F4960 /* Starling-Tech-TestTests.xctest */ = {isa = PBXFileReference; explicitFileType = wrapper.cfbundle; includeInIndex = 0; path = "Starling-Tech-TestTests.xctest"; sourceTree = BUILT_PRODUCTS_DIR; };
		F5D781EA22EC0A6C007F4960 /* Starling_Tech_TestTests.swift */ = {isa = PBXFileReference; lastKnownFileType = sourcecode.swift; path = Starling_Tech_TestTests.swift; sourceTree = "<group>"; };
		F5D781EC22EC0A6C007F4960 /* Info.plist */ = {isa = PBXFileReference; lastKnownFileType = text.plist.xml; path = Info.plist; sourceTree = "<group>"; };
		F5D781F122EC0A6C007F4960 /* Starling-Tech-TestUITests.xctest */ = {isa = PBXFileReference; explicitFileType = wrapper.cfbundle; includeInIndex = 0; path = "Starling-Tech-TestUITests.xctest"; sourceTree = BUILT_PRODUCTS_DIR; };
		F5D781F522EC0A6C007F4960 /* Starling_Tech_TestUITests.swift */ = {isa = PBXFileReference; lastKnownFileType = sourcecode.swift; path = Starling_Tech_TestUITests.swift; sourceTree = "<group>"; };
		F5D781F722EC0A6C007F4960 /* Info.plist */ = {isa = PBXFileReference; lastKnownFileType = text.plist.xml; path = Info.plist; sourceTree = "<group>"; };
/* End PBXFileReference section */

/* Begin PBXFrameworksBuildPhase section */
		F5D781CF22EC0A68007F4960 /* Frameworks */ = {
			isa = PBXFrameworksBuildPhase;
			buildActionMask = 2147483647;
			files = (
				FC533280275127D32E0AF09C /* Pods_Starling_Tech_Test.framework in Frameworks */,
			);
			runOnlyForDeploymentPostprocessing = 0;
		};
		F5D781E322EC0A6C007F4960 /* Frameworks */ = {
			isa = PBXFrameworksBuildPhase;
			buildActionMask = 2147483647;
			files = (
				EC0EBDA5776A8AAA05F5E585 /* Pods_Starling_Tech_TestTests.framework in Frameworks */,
			);
			runOnlyForDeploymentPostprocessing = 0;
		};
		F5D781EE22EC0A6C007F4960 /* Frameworks */ = {
			isa = PBXFrameworksBuildPhase;
			buildActionMask = 2147483647;
			files = (
				F12530A648480A999F2617FA /* Pods_Starling_Tech_TestUITests.framework in Frameworks */,
			);
			runOnlyForDeploymentPostprocessing = 0;
		};
/* End PBXFrameworksBuildPhase section */

/* Begin PBXGroup section */
		4663AB4EB2B3E35658B5D6CC /* Pods */ = {
			isa = PBXGroup;
			children = (
				E41FE713DFCE6F20C6BA8AE3 /* Pods-Starling-Tech-Test.debug.xcconfig */,
				0225B6E82DC8A7139EE54167 /* Pods-Starling-Tech-Test.release.xcconfig */,
				4E44CCA3585B90E4C454B0C6 /* Pods-Starling-Tech-TestTests.debug.xcconfig */,
				43CBEEC5675BFA7AE233B6B9 /* Pods-Starling-Tech-TestTests.release.xcconfig */,
				2F3C85C1C946549237825223 /* Pods-Starling-Tech-TestUITests.debug.xcconfig */,
				2834F4FFC2666528666FBBAF /* Pods-Starling-Tech-TestUITests.release.xcconfig */,
			);
			name = Pods;
			sourceTree = "<group>";
		};
		B17FC1FCFF6DDE986153C90E /* Frameworks */ = {
			isa = PBXGroup;
			children = (
				CF4FE656ED190E8170809531 /* Pods_Starling_Tech_Test.framework */,
				28A1918D334BE5339843D351 /* Pods_Starling_Tech_TestTests.framework */,
				E970273650396AEC60C0E9C6 /* Pods_Starling_Tech_TestUITests.framework */,
			);
			name = Frameworks;
			sourceTree = "<group>";
		};
		F524B2D922EC0D4200D09D49 /* Utility Files */ = {
			isa = PBXGroup;
			children = (
				F524B2D722EC0D3F00D09D49 /* CodableExtensions.swift */,
			);
			path = "Utility Files";
			sourceTree = "<group>";
		};
		F524B2DA22EC0F9100D09D49 /* NetworkService */ = {
			isa = PBXGroup;
			children = (
				F524B2E822EC17C600D09D49 /* ServiceFactory.swift */,
				F524B2D322EC0BCB00D09D49 /* NetworkService.swift */,
				F524B2D522EC0BE500D09D49 /* BaseNetworkService.swift */,
			);
			path = NetworkService;
			sourceTree = "<group>";
		};
		F524B2DD22EC108300D09D49 /* Coordinators */ = {
			isa = PBXGroup;
			children = (
				F524B2E322EC10D400D09D49 /* AppCoordinator.swift */,
			);
			path = Coordinators;
			sourceTree = "<group>";
		};
		F524B2E222EC10AF00D09D49 /* ViewControllers */ = {
			isa = PBXGroup;
			children = (
				F524B2DB22EC106300D09D49 /* UserAccountPresenter.swift */,
				F524B2DE22EC10AA00D09D49 /* UserAccountViewController.swift */,
				F524B2DF22EC10AA00D09D49 /* UserAccountViewController.xib */,
				F524B2E622EC177500D09D49 /* BasePresenter.swift */,
			);
			path = ViewControllers;
			sourceTree = "<group>";
		};
		F524B2E522EC10EF00D09D49 /* Resources */ = {
			isa = PBXGroup;
			children = (
				F5D781DC22EC0A6C007F4960 /* Assets.xcassets */,
				F5D781DE22EC0A6C007F4960 /* LaunchScreen.storyboard */,
				F5D781E122EC0A6C007F4960 /* Info.plist */,
			);
			path = Resources;
			sourceTree = "<group>";
		};
		F524B2EA22EC199C00D09D49 /* NetworkModels */ = {
			isa = PBXGroup;
			children = (
				F524B2EB22EC19B900D09D49 /* BankAccountDTO.swift */,
				F524B2EF22EC1C1A00D09D49 /* BankAccountCollectionDTO.swift */,
				F524B2ED22EC19D800D09D49 /* UserTransactionFeedDTO.swift */,
			);
			path = NetworkModels;
			sourceTree = "<group>";
		};
		F5D781C922EC0A68007F4960 = {
			isa = PBXGroup;
			children = (
				F5D781D422EC0A68007F4960 /* Starling-Tech-Test */,
				F5D781E922EC0A6C007F4960 /* Starling-Tech-TestTests */,
				F5D781F422EC0A6C007F4960 /* Starling-Tech-TestUITests */,
				F5D781D322EC0A68007F4960 /* Products */,
				4663AB4EB2B3E35658B5D6CC /* Pods */,
				B17FC1FCFF6DDE986153C90E /* Frameworks */,
			);
			sourceTree = "<group>";
		};
		F5D781D322EC0A68007F4960 /* Products */ = {
			isa = PBXGroup;
			children = (
				F5D781D222EC0A68007F4960 /* Starling-Tech-Test.app */,
				F5D781E622EC0A6C007F4960 /* Starling-Tech-TestTests.xctest */,
				F5D781F122EC0A6C007F4960 /* Starling-Tech-TestUITests.xctest */,
			);
			name = Products;
			sourceTree = "<group>";
		};
		F5D781D422EC0A68007F4960 /* Starling-Tech-Test */ = {
			isa = PBXGroup;
			children = (
				F5D781D522EC0A68007F4960 /* AppDelegate.swift */,
				F524B2E522EC10EF00D09D49 /* Resources */,
				F524B2DD22EC108300D09D49 /* Coordinators */,
				F524B2E222EC10AF00D09D49 /* ViewControllers */,
				F524B2DA22EC0F9100D09D49 /* NetworkService */,
				F524B2EA22EC199C00D09D49 /* NetworkModels */,
				F524B2D922EC0D4200D09D49 /* Utility Files */,
			);
			path = "Starling-Tech-Test";
			sourceTree = "<group>";
		};
		F5D781E922EC0A6C007F4960 /* Starling-Tech-TestTests */ = {
			isa = PBXGroup;
			children = (
				F5D781EA22EC0A6C007F4960 /* Starling_Tech_TestTests.swift */,
				F5D781EC22EC0A6C007F4960 /* Info.plist */,
			);
			path = "Starling-Tech-TestTests";
			sourceTree = "<group>";
		};
		F5D781F422EC0A6C007F4960 /* Starling-Tech-TestUITests */ = {
			isa = PBXGroup;
			children = (
				F5D781F522EC0A6C007F4960 /* Starling_Tech_TestUITests.swift */,
				F5D781F722EC0A6C007F4960 /* Info.plist */,
			);
			path = "Starling-Tech-TestUITests";
			sourceTree = "<group>";
		};
/* End PBXGroup section */

/* Begin PBXNativeTarget section */
		F5D781D122EC0A68007F4960 /* Starling-Tech-Test */ = {
			isa = PBXNativeTarget;
			buildConfigurationList = F5D781FA22EC0A6C007F4960 /* Build configuration list for PBXNativeTarget "Starling-Tech-Test" */;
			buildPhases = (
				2DDF061B1C5FD0EB37559110 /* [CP] Check Pods Manifest.lock */,
				F5D781CE22EC0A68007F4960 /* Sources */,
				F5D781CF22EC0A68007F4960 /* Frameworks */,
				F5D781D022EC0A68007F4960 /* Resources */,
				E721125BAF85D9DDABADD146 /* [CP] Embed Pods Frameworks */,
			);
			buildRules = (
			);
			dependencies = (
			);
			name = "Starling-Tech-Test";
			productName = "Starling-Tech-Test";
			productReference = F5D781D222EC0A68007F4960 /* Starling-Tech-Test.app */;
			productType = "com.apple.product-type.application";
		};
		F5D781E522EC0A6C007F4960 /* Starling-Tech-TestTests */ = {
			isa = PBXNativeTarget;
			buildConfigurationList = F5D781FD22EC0A6C007F4960 /* Build configuration list for PBXNativeTarget "Starling-Tech-TestTests" */;
			buildPhases = (
				F6364557757A5CA816A0F1D4 /* [CP] Check Pods Manifest.lock */,
				F5D781E222EC0A6C007F4960 /* Sources */,
				F5D781E322EC0A6C007F4960 /* Frameworks */,
				F5D781E422EC0A6C007F4960 /* Resources */,
			);
			buildRules = (
			);
			dependencies = (
				F5D781E822EC0A6C007F4960 /* PBXTargetDependency */,
			);
			name = "Starling-Tech-TestTests";
			productName = "Starling-Tech-TestTests";
			productReference = F5D781E622EC0A6C007F4960 /* Starling-Tech-TestTests.xctest */;
			productType = "com.apple.product-type.bundle.unit-test";
		};
		F5D781F022EC0A6C007F4960 /* Starling-Tech-TestUITests */ = {
			isa = PBXNativeTarget;
			buildConfigurationList = F5D7820022EC0A6C007F4960 /* Build configuration list for PBXNativeTarget "Starling-Tech-TestUITests" */;
			buildPhases = (
				ECE59E638B2EB4E677B6F120 /* [CP] Check Pods Manifest.lock */,
				F5D781ED22EC0A6C007F4960 /* Sources */,
				F5D781EE22EC0A6C007F4960 /* Frameworks */,
				F5D781EF22EC0A6C007F4960 /* Resources */,
			);
			buildRules = (
			);
			dependencies = (
				F5D781F322EC0A6C007F4960 /* PBXTargetDependency */,
			);
			name = "Starling-Tech-TestUITests";
			productName = "Starling-Tech-TestUITests";
			productReference = F5D781F122EC0A6C007F4960 /* Starling-Tech-TestUITests.xctest */;
			productType = "com.apple.product-type.bundle.ui-testing";
		};
/* End PBXNativeTarget section */

/* Begin PBXProject section */
		F5D781CA22EC0A68007F4960 /* Project object */ = {
			isa = PBXProject;
			attributes = {
				LastSwiftUpdateCheck = 1020;
				LastUpgradeCheck = 1020;
				ORGANIZATIONNAME = "Christie-Davis";
				TargetAttributes = {
					F5D781D122EC0A68007F4960 = {
						CreatedOnToolsVersion = 10.2.1;
					};
					F5D781E522EC0A6C007F4960 = {
						CreatedOnToolsVersion = 10.2.1;
						TestTargetID = F5D781D122EC0A68007F4960;
					};
					F5D781F022EC0A6C007F4960 = {
						CreatedOnToolsVersion = 10.2.1;
						TestTargetID = F5D781D122EC0A68007F4960;
					};
				};
			};
			buildConfigurationList = F5D781CD22EC0A68007F4960 /* Build configuration list for PBXProject "Starling-Tech-Test" */;
			compatibilityVersion = "Xcode 9.3";
			developmentRegion = en;
			hasScannedForEncodings = 0;
			knownRegions = (
				en,
				Base,
			);
			mainGroup = F5D781C922EC0A68007F4960;
			productRefGroup = F5D781D322EC0A68007F4960 /* Products */;
			projectDirPath = "";
			projectRoot = "";
			targets = (
				F5D781D122EC0A68007F4960 /* Starling-Tech-Test */,
				F5D781E522EC0A6C007F4960 /* Starling-Tech-TestTests */,
				F5D781F022EC0A6C007F4960 /* Starling-Tech-TestUITests */,
			);
		};
/* End PBXProject section */

/* Begin PBXResourcesBuildPhase section */
		F5D781D022EC0A68007F4960 /* Resources */ = {
			isa = PBXResourcesBuildPhase;
			buildActionMask = 2147483647;
			files = (
				F5D781E022EC0A6C007F4960 /* LaunchScreen.storyboard in Resources */,
				F524B2E122EC10AA00D09D49 /* UserAccountViewController.xib in Resources */,
				F5D781DD22EC0A6C007F4960 /* Assets.xcassets in Resources */,
			);
			runOnlyForDeploymentPostprocessing = 0;
		};
		F5D781E422EC0A6C007F4960 /* Resources */ = {
			isa = PBXResourcesBuildPhase;
			buildActionMask = 2147483647;
			files = (
			);
			runOnlyForDeploymentPostprocessing = 0;
		};
		F5D781EF22EC0A6C007F4960 /* Resources */ = {
			isa = PBXResourcesBuildPhase;
			buildActionMask = 2147483647;
			files = (
			);
			runOnlyForDeploymentPostprocessing = 0;
		};
/* End PBXResourcesBuildPhase section */

/* Begin PBXShellScriptBuildPhase section */
		2DDF061B1C5FD0EB37559110 /* [CP] Check Pods Manifest.lock */ = {
			isa = PBXShellScriptBuildPhase;
			buildActionMask = 2147483647;
			files = (
			);
			inputFileListPaths = (
			);
			inputPaths = (
				"${PODS_PODFILE_DIR_PATH}/Podfile.lock",
				"${PODS_ROOT}/Manifest.lock",
			);
			name = "[CP] Check Pods Manifest.lock";
			outputFileListPaths = (
			);
			outputPaths = (
				"$(DERIVED_FILE_DIR)/Pods-Starling-Tech-Test-checkManifestLockResult.txt",
			);
			runOnlyForDeploymentPostprocessing = 0;
			shellPath = /bin/sh;
			shellScript = "diff \"${PODS_PODFILE_DIR_PATH}/Podfile.lock\" \"${PODS_ROOT}/Manifest.lock\" > /dev/null\nif [ $? != 0 ] ; then\n    # print error to STDERR\n    echo \"error: The sandbox is not in sync with the Podfile.lock. Run 'pod install' or update your CocoaPods installation.\" >&2\n    exit 1\nfi\n# This output is used by Xcode 'outputs' to avoid re-running this script phase.\necho \"SUCCESS\" > \"${SCRIPT_OUTPUT_FILE_0}\"\n";
			showEnvVarsInLog = 0;
		};
		E721125BAF85D9DDABADD146 /* [CP] Embed Pods Frameworks */ = {
			isa = PBXShellScriptBuildPhase;
			buildActionMask = 2147483647;
			files = (
			);
			inputFileListPaths = (
			);
			inputPaths = (
				"${SRCROOT}/Pods/Target Support Files/Pods-Starling-Tech-Test/Pods-Starling-Tech-Test-frameworks.sh",
				"${BUILT_PRODUCTS_DIR}/Alamofire/Alamofire.framework",
				"${BUILT_PRODUCTS_DIR}/PromiseKit/PromiseKit.framework",
			);
			name = "[CP] Embed Pods Frameworks";
			outputFileListPaths = (
			);
			outputPaths = (
				"${TARGET_BUILD_DIR}/${FRAMEWORKS_FOLDER_PATH}/Alamofire.framework",
				"${TARGET_BUILD_DIR}/${FRAMEWORKS_FOLDER_PATH}/PromiseKit.framework",
			);
			runOnlyForDeploymentPostprocessing = 0;
			shellPath = /bin/sh;
			shellScript = "\"${SRCROOT}/Pods/Target Support Files/Pods-Starling-Tech-Test/Pods-Starling-Tech-Test-frameworks.sh\"\n";
			showEnvVarsInLog = 0;
		};
		ECE59E638B2EB4E677B6F120 /* [CP] Check Pods Manifest.lock */ = {
			isa = PBXShellScriptBuildPhase;
			buildActionMask = 2147483647;
			files = (
			);
			inputFileListPaths = (
			);
			inputPaths = (
				"${PODS_PODFILE_DIR_PATH}/Podfile.lock",
				"${PODS_ROOT}/Manifest.lock",
			);
			name = "[CP] Check Pods Manifest.lock";
			outputFileListPaths = (
			);
			outputPaths = (
				"$(DERIVED_FILE_DIR)/Pods-Starling-Tech-TestUITests-checkManifestLockResult.txt",
			);
			runOnlyForDeploymentPostprocessing = 0;
			shellPath = /bin/sh;
			shellScript = "diff \"${PODS_PODFILE_DIR_PATH}/Podfile.lock\" \"${PODS_ROOT}/Manifest.lock\" > /dev/null\nif [ $? != 0 ] ; then\n    # print error to STDERR\n    echo \"error: The sandbox is not in sync with the Podfile.lock. Run 'pod install' or update your CocoaPods installation.\" >&2\n    exit 1\nfi\n# This output is used by Xcode 'outputs' to avoid re-running this script phase.\necho \"SUCCESS\" > \"${SCRIPT_OUTPUT_FILE_0}\"\n";
			showEnvVarsInLog = 0;
		};
		F6364557757A5CA816A0F1D4 /* [CP] Check Pods Manifest.lock */ = {
			isa = PBXShellScriptBuildPhase;
			buildActionMask = 2147483647;
			files = (
			);
			inputFileListPaths = (
			);
			inputPaths = (
				"${PODS_PODFILE_DIR_PATH}/Podfile.lock",
				"${PODS_ROOT}/Manifest.lock",
			);
			name = "[CP] Check Pods Manifest.lock";
			outputFileListPaths = (
			);
			outputPaths = (
				"$(DERIVED_FILE_DIR)/Pods-Starling-Tech-TestTests-checkManifestLockResult.txt",
			);
			runOnlyForDeploymentPostprocessing = 0;
			shellPath = /bin/sh;
			shellScript = "diff \"${PODS_PODFILE_DIR_PATH}/Podfile.lock\" \"${PODS_ROOT}/Manifest.lock\" > /dev/null\nif [ $? != 0 ] ; then\n    # print error to STDERR\n    echo \"error: The sandbox is not in sync with the Podfile.lock. Run 'pod install' or update your CocoaPods installation.\" >&2\n    exit 1\nfi\n# This output is used by Xcode 'outputs' to avoid re-running this script phase.\necho \"SUCCESS\" > \"${SCRIPT_OUTPUT_FILE_0}\"\n";
			showEnvVarsInLog = 0;
		};
/* End PBXShellScriptBuildPhase section */

/* Begin PBXSourcesBuildPhase section */
		F5D781CE22EC0A68007F4960 /* Sources */ = {
			isa = PBXSourcesBuildPhase;
			buildActionMask = 2147483647;
			files = (
				F524B2D622EC0BE500D09D49 /* BaseNetworkService.swift in Sources */,
				F524B2F022EC1C1A00D09D49 /* BankAccountCollectionDTO.swift in Sources */,
				F524B2D822EC0D3F00D09D49 /* CodableExtensions.swift in Sources */,
				F524B2EC22EC19B900D09D49 /* BankAccountDTO.swift in Sources */,
				F524B2EE22EC19D800D09D49 /* UserTransactionFeedDTO.swift in Sources */,
				F524B2DC22EC106300D09D49 /* UserAccountPresenter.swift in Sources */,
				F524B2D422EC0BCB00D09D49 /* NetworkService.swift in Sources */,
				F5D781D622EC0A68007F4960 /* AppDelegate.swift in Sources */,
				F524B2E022EC10AA00D09D49 /* UserAccountViewController.swift in Sources */,
				F524B2E722EC177500D09D49 /* BasePresenter.swift in Sources */,
				F524B2E422EC10D400D09D49 /* AppCoordinator.swift in Sources */,
				F524B2E922EC17C600D09D49 /* ServiceFactory.swift in Sources */,
			);
			runOnlyForDeploymentPostprocessing = 0;
		};
		F5D781E222EC0A6C007F4960 /* Sources */ = {
			isa = PBXSourcesBuildPhase;
			buildActionMask = 2147483647;
			files = (
				F5D781EB22EC0A6C007F4960 /* Starling_Tech_TestTests.swift in Sources */,
			);
			runOnlyForDeploymentPostprocessing = 0;
		};
		F5D781ED22EC0A6C007F4960 /* Sources */ = {
			isa = PBXSourcesBuildPhase;
			buildActionMask = 2147483647;
			files = (
				F5D781F622EC0A6C007F4960 /* Starling_Tech_TestUITests.swift in Sources */,
			);
			runOnlyForDeploymentPostprocessing = 0;
		};
/* End PBXSourcesBuildPhase section */

/* Begin PBXTargetDependency section */
		F5D781E822EC0A6C007F4960 /* PBXTargetDependency */ = {
			isa = PBXTargetDependency;
			target = F5D781D122EC0A68007F4960 /* Starling-Tech-Test */;
			targetProxy = F5D781E722EC0A6C007F4960 /* PBXContainerItemProxy */;
		};
		F5D781F322EC0A6C007F4960 /* PBXTargetDependency */ = {
			isa = PBXTargetDependency;
			target = F5D781D122EC0A68007F4960 /* Starling-Tech-Test */;
			targetProxy = F5D781F222EC0A6C007F4960 /* PBXContainerItemProxy */;
		};
/* End PBXTargetDependency section */

/* Begin PBXVariantGroup section */
		F5D781DE22EC0A6C007F4960 /* LaunchScreen.storyboard */ = {
			isa = PBXVariantGroup;
			children = (
				F5D781DF22EC0A6C007F4960 /* Base */,
			);
			name = LaunchScreen.storyboard;
			sourceTree = "<group>";
		};
/* End PBXVariantGroup section */

/* Begin XCBuildConfiguration section */
		F5D781F822EC0A6C007F4960 /* Debug */ = {
			isa = XCBuildConfiguration;
			buildSettings = {
				ALWAYS_SEARCH_USER_PATHS = NO;
				CLANG_ANALYZER_NONNULL = YES;
				CLANG_ANALYZER_NUMBER_OBJECT_CONVERSION = YES_AGGRESSIVE;
				CLANG_CXX_LANGUAGE_STANDARD = "gnu++14";
				CLANG_CXX_LIBRARY = "libc++";
				CLANG_ENABLE_MODULES = YES;
				CLANG_ENABLE_OBJC_ARC = YES;
				CLANG_ENABLE_OBJC_WEAK = YES;
				CLANG_WARN_BLOCK_CAPTURE_AUTORELEASING = YES;
				CLANG_WARN_BOOL_CONVERSION = YES;
				CLANG_WARN_COMMA = YES;
				CLANG_WARN_CONSTANT_CONVERSION = YES;
				CLANG_WARN_DEPRECATED_OBJC_IMPLEMENTATIONS = YES;
				CLANG_WARN_DIRECT_OBJC_ISA_USAGE = YES_ERROR;
				CLANG_WARN_DOCUMENTATION_COMMENTS = YES;
				CLANG_WARN_EMPTY_BODY = YES;
				CLANG_WARN_ENUM_CONVERSION = YES;
				CLANG_WARN_INFINITE_RECURSION = YES;
				CLANG_WARN_INT_CONVERSION = YES;
				CLANG_WARN_NON_LITERAL_NULL_CONVERSION = YES;
				CLANG_WARN_OBJC_IMPLICIT_RETAIN_SELF = YES;
				CLANG_WARN_OBJC_LITERAL_CONVERSION = YES;
				CLANG_WARN_OBJC_ROOT_CLASS = YES_ERROR;
				CLANG_WARN_RANGE_LOOP_ANALYSIS = YES;
				CLANG_WARN_STRICT_PROTOTYPES = YES;
				CLANG_WARN_SUSPICIOUS_MOVE = YES;
				CLANG_WARN_UNGUARDED_AVAILABILITY = YES_AGGRESSIVE;
				CLANG_WARN_UNREACHABLE_CODE = YES;
				CLANG_WARN__DUPLICATE_METHOD_MATCH = YES;
				CODE_SIGN_IDENTITY = "iPhone Developer";
				COPY_PHASE_STRIP = NO;
				DEBUG_INFORMATION_FORMAT = dwarf;
				ENABLE_STRICT_OBJC_MSGSEND = YES;
				ENABLE_TESTABILITY = YES;
				GCC_C_LANGUAGE_STANDARD = gnu11;
				GCC_DYNAMIC_NO_PIC = NO;
				GCC_NO_COMMON_BLOCKS = YES;
				GCC_OPTIMIZATION_LEVEL = 0;
				GCC_PREPROCESSOR_DEFINITIONS = (
					"DEBUG=1",
					"$(inherited)",
				);
				GCC_WARN_64_TO_32_BIT_CONVERSION = YES;
				GCC_WARN_ABOUT_RETURN_TYPE = YES_ERROR;
				GCC_WARN_UNDECLARED_SELECTOR = YES;
				GCC_WARN_UNINITIALIZED_AUTOS = YES_AGGRESSIVE;
				GCC_WARN_UNUSED_FUNCTION = YES;
				GCC_WARN_UNUSED_VARIABLE = YES;
				IPHONEOS_DEPLOYMENT_TARGET = 12.2;
				MTL_ENABLE_DEBUG_INFO = INCLUDE_SOURCE;
				MTL_FAST_MATH = YES;
				ONLY_ACTIVE_ARCH = YES;
				SDKROOT = iphoneos;
				SWIFT_ACTIVE_COMPILATION_CONDITIONS = DEBUG;
				SWIFT_OPTIMIZATION_LEVEL = "-Onone";
			};
			name = Debug;
		};
		F5D781F922EC0A6C007F4960 /* Release */ = {
			isa = XCBuildConfiguration;
			buildSettings = {
				ALWAYS_SEARCH_USER_PATHS = NO;
				CLANG_ANALYZER_NONNULL = YES;
				CLANG_ANALYZER_NUMBER_OBJECT_CONVERSION = YES_AGGRESSIVE;
				CLANG_CXX_LANGUAGE_STANDARD = "gnu++14";
				CLANG_CXX_LIBRARY = "libc++";
				CLANG_ENABLE_MODULES = YES;
				CLANG_ENABLE_OBJC_ARC = YES;
				CLANG_ENABLE_OBJC_WEAK = YES;
				CLANG_WARN_BLOCK_CAPTURE_AUTORELEASING = YES;
				CLANG_WARN_BOOL_CONVERSION = YES;
				CLANG_WARN_COMMA = YES;
				CLANG_WARN_CONSTANT_CONVERSION = YES;
				CLANG_WARN_DEPRECATED_OBJC_IMPLEMENTATIONS = YES;
				CLANG_WARN_DIRECT_OBJC_ISA_USAGE = YES_ERROR;
				CLANG_WARN_DOCUMENTATION_COMMENTS = YES;
				CLANG_WARN_EMPTY_BODY = YES;
				CLANG_WARN_ENUM_CONVERSION = YES;
				CLANG_WARN_INFINITE_RECURSION = YES;
				CLANG_WARN_INT_CONVERSION = YES;
				CLANG_WARN_NON_LITERAL_NULL_CONVERSION = YES;
				CLANG_WARN_OBJC_IMPLICIT_RETAIN_SELF = YES;
				CLANG_WARN_OBJC_LITERAL_CONVERSION = YES;
				CLANG_WARN_OBJC_ROOT_CLASS = YES_ERROR;
				CLANG_WARN_RANGE_LOOP_ANALYSIS = YES;
				CLANG_WARN_STRICT_PROTOTYPES = YES;
				CLANG_WARN_SUSPICIOUS_MOVE = YES;
				CLANG_WARN_UNGUARDED_AVAILABILITY = YES_AGGRESSIVE;
				CLANG_WARN_UNREACHABLE_CODE = YES;
				CLANG_WARN__DUPLICATE_METHOD_MATCH = YES;
				CODE_SIGN_IDENTITY = "iPhone Developer";
				COPY_PHASE_STRIP = NO;
				DEBUG_INFORMATION_FORMAT = "dwarf-with-dsym";
				ENABLE_NS_ASSERTIONS = NO;
				ENABLE_STRICT_OBJC_MSGSEND = YES;
				GCC_C_LANGUAGE_STANDARD = gnu11;
				GCC_NO_COMMON_BLOCKS = YES;
				GCC_WARN_64_TO_32_BIT_CONVERSION = YES;
				GCC_WARN_ABOUT_RETURN_TYPE = YES_ERROR;
				GCC_WARN_UNDECLARED_SELECTOR = YES;
				GCC_WARN_UNINITIALIZED_AUTOS = YES_AGGRESSIVE;
				GCC_WARN_UNUSED_FUNCTION = YES;
				GCC_WARN_UNUSED_VARIABLE = YES;
				IPHONEOS_DEPLOYMENT_TARGET = 12.2;
				MTL_ENABLE_DEBUG_INFO = NO;
				MTL_FAST_MATH = YES;
				SDKROOT = iphoneos;
				SWIFT_COMPILATION_MODE = wholemodule;
				SWIFT_OPTIMIZATION_LEVEL = "-O";
				VALIDATE_PRODUCT = YES;
			};
			name = Release;
		};
		F5D781FB22EC0A6C007F4960 /* Debug */ = {
			isa = XCBuildConfiguration;
			baseConfigurationReference = E41FE713DFCE6F20C6BA8AE3 /* Pods-Starling-Tech-Test.debug.xcconfig */;
			buildSettings = {
				ASSETCATALOG_COMPILER_APPICON_NAME = AppIcon;
				CODE_SIGN_STYLE = Automatic;
				DEVELOPMENT_TEAM = RU5SGBJGGX;
				INFOPLIST_FILE = "Starling-Tech-Test/Resources/Info.plist";
				IPHONEOS_DEPLOYMENT_TARGET = 11.0;
				LD_RUNPATH_SEARCH_PATHS = (
					"$(inherited)",
					"@executable_path/Frameworks",
				);
				PRODUCT_BUNDLE_IDENTIFIER = "nz.co.davis.christie.Starling-Tech-Test";
				PRODUCT_NAME = "$(TARGET_NAME)";
				SWIFT_VERSION = 5.0;
				TARGETED_DEVICE_FAMILY = "1,2";
			};
			name = Debug;
		};
		F5D781FC22EC0A6C007F4960 /* Release */ = {
			isa = XCBuildConfiguration;
			baseConfigurationReference = 0225B6E82DC8A7139EE54167 /* Pods-Starling-Tech-Test.release.xcconfig */;
			buildSettings = {
				ASSETCATALOG_COMPILER_APPICON_NAME = AppIcon;
				CODE_SIGN_STYLE = Automatic;
				DEVELOPMENT_TEAM = RU5SGBJGGX;
				INFOPLIST_FILE = "Starling-Tech-Test/Resources/Info.plist";
				IPHONEOS_DEPLOYMENT_TARGET = 11.0;
				LD_RUNPATH_SEARCH_PATHS = (
					"$(inherited)",
					"@executable_path/Frameworks",
				);
				PRODUCT_BUNDLE_IDENTIFIER = "nz.co.davis.christie.Starling-Tech-Test";
				PRODUCT_NAME = "$(TARGET_NAME)";
				SWIFT_VERSION = 5.0;
				TARGETED_DEVICE_FAMILY = "1,2";
			};
			name = Release;
		};
		F5D781FE22EC0A6C007F4960 /* Debug */ = {
			isa = XCBuildConfiguration;
			baseConfigurationReference = 4E44CCA3585B90E4C454B0C6 /* Pods-Starling-Tech-TestTests.debug.xcconfig */;
			buildSettings = {
				ALWAYS_EMBED_SWIFT_STANDARD_LIBRARIES = YES;
				BUNDLE_LOADER = "$(TEST_HOST)";
				CODE_SIGN_STYLE = Automatic;
				DEVELOPMENT_TEAM = 77B4XKLPCN;
				INFOPLIST_FILE = "Starling-Tech-TestTests/Info.plist";
				LD_RUNPATH_SEARCH_PATHS = (
					"$(inherited)",
					"@executable_path/Frameworks",
					"@loader_path/Frameworks",
				);
				PRODUCT_BUNDLE_IDENTIFIER = "nz.co.davis.christie.Starling-Tech-TestTests";
				PRODUCT_NAME = "$(TARGET_NAME)";
				SWIFT_VERSION = 5.0;
				TARGETED_DEVICE_FAMILY = "1,2";
				TEST_HOST = "$(BUILT_PRODUCTS_DIR)/Starling-Tech-Test.app/Starling-Tech-Test";
			};
			name = Debug;
		};
		F5D781FF22EC0A6C007F4960 /* Release */ = {
			isa = XCBuildConfiguration;
			baseConfigurationReference = 43CBEEC5675BFA7AE233B6B9 /* Pods-Starling-Tech-TestTests.release.xcconfig */;
			buildSettings = {
				ALWAYS_EMBED_SWIFT_STANDARD_LIBRARIES = YES;
				BUNDLE_LOADER = "$(TEST_HOST)";
				CODE_SIGN_STYLE = Automatic;
				DEVELOPMENT_TEAM = 77B4XKLPCN;
				INFOPLIST_FILE = "Starling-Tech-TestTests/Info.plist";
				LD_RUNPATH_SEARCH_PATHS = (
					"$(inherited)",
					"@executable_path/Frameworks",
					"@loader_path/Frameworks",
				);
				PRODUCT_BUNDLE_IDENTIFIER = "nz.co.davis.christie.Starling-Tech-TestTests";
				PRODUCT_NAME = "$(TARGET_NAME)";
				SWIFT_VERSION = 5.0;
				TARGETED_DEVICE_FAMILY = "1,2";
				TEST_HOST = "$(BUILT_PRODUCTS_DIR)/Starling-Tech-Test.app/Starling-Tech-Test";
			};
			name = Release;
		};
		F5D7820122EC0A6C007F4960 /* Debug */ = {
			isa = XCBuildConfiguration;
			baseConfigurationReference = 2F3C85C1C946549237825223 /* Pods-Starling-Tech-TestUITests.debug.xcconfig */;
			buildSettings = {
				ALWAYS_EMBED_SWIFT_STANDARD_LIBRARIES = YES;
				CODE_SIGN_STYLE = Automatic;
				DEVELOPMENT_TEAM = 77B4XKLPCN;
				INFOPLIST_FILE = "Starling-Tech-TestUITests/Info.plist";
				LD_RUNPATH_SEARCH_PATHS = (
					"$(inherited)",
					"@executable_path/Frameworks",
					"@loader_path/Frameworks",
				);
				PRODUCT_BUNDLE_IDENTIFIER = "nz.co.davis.christie.Starling-Tech-TestUITests";
				PRODUCT_NAME = "$(TARGET_NAME)";
				SWIFT_VERSION = 5.0;
				TARGETED_DEVICE_FAMILY = "1,2";
				TEST_TARGET_NAME = "Starling-Tech-Test";
			};
			name = Debug;
		};
		F5D7820222EC0A6C007F4960 /* Release */ = {
			isa = XCBuildConfiguration;
			baseConfigurationReference = 2834F4FFC2666528666FBBAF /* Pods-Starling-Tech-TestUITests.release.xcconfig */;
			buildSettings = {
				ALWAYS_EMBED_SWIFT_STANDARD_LIBRARIES = YES;
				CODE_SIGN_STYLE = Automatic;
				DEVELOPMENT_TEAM = 77B4XKLPCN;
				INFOPLIST_FILE = "Starling-Tech-TestUITests/Info.plist";
				LD_RUNPATH_SEARCH_PATHS = (
					"$(inherited)",
					"@executable_path/Frameworks",
					"@loader_path/Frameworks",
				);
				PRODUCT_BUNDLE_IDENTIFIER = "nz.co.davis.christie.Starling-Tech-TestUITests";
				PRODUCT_NAME = "$(TARGET_NAME)";
				SWIFT_VERSION = 5.0;
				TARGETED_DEVICE_FAMILY = "1,2";
				TEST_TARGET_NAME = "Starling-Tech-Test";
			};
			name = Release;
		};
/* End XCBuildConfiguration section */

/* Begin XCConfigurationList section */
		F5D781CD22EC0A68007F4960 /* Build configuration list for PBXProject "Starling-Tech-Test" */ = {
			isa = XCConfigurationList;
			buildConfigurations = (
				F5D781F822EC0A6C007F4960 /* Debug */,
				F5D781F922EC0A6C007F4960 /* Release */,
			);
			defaultConfigurationIsVisible = 0;
			defaultConfigurationName = Release;
		};
		F5D781FA22EC0A6C007F4960 /* Build configuration list for PBXNativeTarget "Starling-Tech-Test" */ = {
			isa = XCConfigurationList;
			buildConfigurations = (
				F5D781FB22EC0A6C007F4960 /* Debug */,
				F5D781FC22EC0A6C007F4960 /* Release */,
			);
			defaultConfigurationIsVisible = 0;
			defaultConfigurationName = Release;
		};
		F5D781FD22EC0A6C007F4960 /* Build configuration list for PBXNativeTarget "Starling-Tech-TestTests" */ = {
			isa = XCConfigurationList;
			buildConfigurations = (
				F5D781FE22EC0A6C007F4960 /* Debug */,
				F5D781FF22EC0A6C007F4960 /* Release */,
			);
			defaultConfigurationIsVisible = 0;
			defaultConfigurationName = Release;
		};
		F5D7820022EC0A6C007F4960 /* Build configuration list for PBXNativeTarget "Starling-Tech-TestUITests" */ = {
			isa = XCConfigurationList;
			buildConfigurations = (
				F5D7820122EC0A6C007F4960 /* Debug */,
				F5D7820222EC0A6C007F4960 /* Release */,
			);
			defaultConfigurationIsVisible = 0;
			defaultConfigurationName = Release;
		};
/* End XCConfigurationList section */
	};
	rootObject = F5D781CA22EC0A68007F4960 /* Project object */;
}
